%{
  "cmark": {:hex, :cmark, "0.10.0", "51217dc90fec459f34a30ea73345e6a7c1d2f3d618cb4a1738a2ebd0697a57a0", [:make, :mix], [{:elixir_make, "~> 0.6", [hex: :elixir_make, repo: "hexpm", optional: false]}], "hexpm", "00abeadc6f3176e3941853122413082de95d57787777dd0400d64e568acf7c32"},
  "covertool": {:hex, :covertool, "2.0.6", "4a291b4e3449025b0595d8f44c8d7635d4f48f033be2ce88d22a329f36f94a91", [:rebar3], [], "hexpm", "5db3fcd82180d8ea4ad857d4d1ab21a8d31b5aee0d60d2f6c0f9e25a411d1e21"},
  "dialyxir": {:hex, :dialyxir, "1.3.0", "fd1672f0922b7648ff9ce7b1b26fcf0ef56dda964a459892ad15f6b4410b5284", [:mix], [{:erlex, ">= 0.2.6", [hex: :erlex, repo: "hexpm", optional: false]}], "hexpm", "00b2a4bcd6aa8db9dcb0b38c1225b7277dca9bc370b6438715667071a304696f"},
  "earmark": {:hex, :earmark, "1.4.39", "acdb2f02c536471029dbcc509fbd6b94b89f40ad7729fb3f68f4b6944843f01d", [:mix], [{:earmark_parser, "~> 1.4.33", [hex: :earmark_parser, repo: "hexpm", optional: false]}], "hexpm", "156c9d8ec3cbeccdbf26216d8247bdeeacc8c76b4d9eee7554be2f1b623ea440"},
  "earmark_parser": {:hex, :earmark_parser, "1.4.41", "ab34711c9dc6212dda44fcd20ecb87ac3f3fce6f0ca2f28d4a00e4154f8cd599", [:mix], [], "hexpm", "a81a04c7e34b6617c2792e291b5a2e57ab316365c2644ddc553bb9ed863ebefa"},
  "elixir_make": {:hex, :elixir_make, "0.7.7", "7128c60c2476019ed978210c245badf08b03dbec4f24d05790ef791da11aa17c", [:mix], [{:castore, "~> 0.1 or ~> 1.0", [hex: :castore, repo: "hexpm", optional: true]}], "hexpm", "5bc19fff950fad52bbe5f211b12db9ec82c6b34a9647da0c2224b8b8464c7e6c"},
  "erlex": {:hex, :erlex, "0.2.6", "c7987d15e899c7a2f34f5420d2a2ea0d659682c06ac607572df55a43753aa12e", [:mix], [], "hexpm", "2ed2e25711feb44d52b17d2780eabf998452f6efda104877a3881c2f8c0c0c75"},
  "ex_doc": {:hex, :ex_doc, "0.35.0", "14dcaac6ee0091d1e6938a7ddaf62a4a8c6c0d0b0002e6a9252997a08df719a0", [:mix], [{:earmark_parser, "~> 1.4.39", [hex: :earmark_parser, repo: "hexpm", optional: false]}, {:makeup_c, ">= 0.1.0", [hex: :makeup_c, repo: "hexpm", optional: true]}, {:makeup_elixir, "~> 0.14 or ~> 1.0", [hex: :makeup_elixir, repo: "hexpm", optional: false]}, {:makeup_erlang, "~> 0.1 or ~> 1.0", [hex: :makeup_erlang, repo: "hexpm", optional: false]}, {:makeup_html, ">= 0.1.0", [hex: :makeup_html, repo: "hexpm", optional: true]}], "hexpm", "d69a789ea0248a108c80eef509ec88ffe277f74828169c33f6f7ddaef89c98a5"},
  "makeup": {:hex, :makeup, "1.2.1", "e90ac1c65589ef354378def3ba19d401e739ee7ee06fb47f94c687016e3713d1", [:mix], [{:nimble_parsec, "~> 1.4", [hex: :nimble_parsec, repo: "hexpm", optional: false]}], "hexpm", "d36484867b0bae0fea568d10131197a4c2e47056a6fbe84922bf6ba71c8d17ce"},
  "makeup_elixir": {:hex, :makeup_elixir, "1.0.0", "74bb8348c9b3a51d5c589bf5aebb0466a84b33274150e3b6ece1da45584afc82", [:mix], [{:makeup, "~> 1.0", [hex: :makeup, repo: "hexpm", optional: false]}, {:nimble_parsec, "~> 1.2.3 or ~> 1.3", [hex: :nimble_parsec, repo: "hexpm", optional: false]}], "hexpm", "49159b7d7d999e836bedaf09dcf35ca18b312230cf901b725a64f3f42e407983"},
  "makeup_erlang": {:hex, :makeup_erlang, "1.0.1", "c7f58c120b2b5aa5fd80d540a89fdf866ed42f1f3994e4fe189abebeab610839", [:mix], [{:makeup, "~> 1.0", [hex: :makeup, repo: "hexpm", optional: false]}], "hexpm", "8a89a1eeccc2d798d6ea15496a6e4870b75e014d1af514b1b71fa33134f57814"},
  "nimble_parsec": {:hex, :nimble_parsec, "1.4.0", "51f9b613ea62cfa97b25ccc2c1b4216e81df970acd8e16e8d1bdc58fef21370d", [:mix], [], "hexpm", "9c565862810fb383e9838c1dd2d7d2c437b3d13b267414ba6af33e50d2d1cf28"},
  "opentelemetry_api": {:hex, :opentelemetry_api, "1.4.0", "63ca1742f92f00059298f478048dfb826f4b20d49534493d6919a0db39b6db04", [:mix, :rebar3], [], "hexpm", "3dfbbfaa2c2ed3121c5c483162836c4f9027def469c41578af5ef32589fcfc58"},
  "opentelemetry_semantic_conventions": {:hex, :opentelemetry_semantic_conventions, "0.2.0", "b67fe459c2938fcab341cb0951c44860c62347c005ace1b50f8402576f241435", [:mix, :rebar3], [], "hexpm", "d61fa1f5639ee8668d74b527e6806e0503efc55a42db7b5f39939d84c07d6895"},
}
