{"1.1.0",
[{<<"opentelemetry_api">>,
  {git,"https://github.com/open-telemetry/opentelemetry-erlang-api",
       {ref,"017641749c40a0283f5a568331da6cdf6f3641c5"}},
  0},
 {<<"wts">>,{pkg,<<"wts">>,<<"0.4.0">>},0}]}.
[
{pkg_hash,[
 {<<"wts">>, <<"62D9DC400AD29F0D233F0665B9C75C8F8EB0A8AF75EEC921056BA4A73B0605A2">>}]}
].
