{"1.2.0",
[{<<"acceptor_pool">>,{pkg,<<"acceptor_pool">>,<<"1.0.0">>},1},
 {<<"chatterbox">>,{pkg,<<"ts_chatterbox">>,<<"0.9.1">>},1},
 {<<"ctx">>,{pkg,<<"ctx">>,<<"0.5.0">>},1},
 {<<"gproc">>,{pkg,<<"gproc">>,<<"0.8.0">>},1},
 {<<"grpcbox">>,{pkg,<<"grpcbox">>,<<"0.11.0">>},0},
 {<<"hpack">>,{pkg,<<"hpack_erl">>,<<"0.2.3">>},2}]}.
[
{pkg_hash,[
 {<<"acceptor_pool">>, <<"43C20D2ACAE35F0C2BCD64F9D2BDE267E459F0F3FD23DAB26485BF518C281B21">>},
 {<<"chatterbox">>, <<"843557EE729B04B3C1BDAC33FB162DAEFDBF4F7AE0AF0BDC055FB16E91E057E3">>},
 {<<"ctx">>, <<"78E0F16712E12D707A7F34277381B8E193D7C71EAA24D37330DC02477C09EDA5">>},
 {<<"gproc">>, <<"CEA02C578589C61E5341FCE149EA36CCEF236CC2ECAC8691FBA408E7EA77EC2F">>},
 {<<"grpcbox">>, <<"EA9F9160120A4884838D397DDE64B36EDB122ADF335238F639DEBC12087DA67F">>},
 {<<"hpack">>, <<"17670F83FF984AE6CD74B1C456EDDE906D27FF013740EE4D9EFAA4F1BF999633">>}]},
{pkg_hash_ext,[
 {<<"acceptor_pool">>, <<"0CBCD83FDC8B9AD2EEE2067EF8B91A14858A5883CB7CD800E6FCD5803E158788">>},
 {<<"chatterbox">>, <<"D5427C3701CCE85A7B7F9977A4A44B98E527494F6CB598717585A332EF4107B4">>},
 {<<"ctx">>, <<"52554D80F9D93B3F82DBA8E1776E8EA87B0D6218AE94BA0F73D61AD1579AED08">>},
 {<<"gproc">>, <<"580ADAFA56463B75263EF5A5DF4C86AF321F68694E7786CB057FD805D1E2A7DE">>},
 {<<"grpcbox">>, <<"26FFC946D6471309EAE2E29B6126E8BE3729018DC581FB0E471368D15BADF472">>},
 {<<"hpack">>, <<"06F580167C4B8B8A6429040DF36CC93BBA6D571FAEAEC1B28816523379CBB23A">>}]}
].
