%{
  "covertool": {:hex, :covertool, "2.0.6", "4a291b4e3449025b0595d8f44c8d7635d4f48f033be2ce88d22a329f36f94a91", [:rebar3], [], "hexpm", "5db3fcd82180d8ea4ad857d4d1ab21a8d31b5aee0d60d2f6c0f9e25a411d1e21"},
  "dialyxir": {:hex, :dialyxir, "1.4.2", "764a6e8e7a354f0ba95d58418178d486065ead1f69ad89782817c296d0d746a5", [:mix], [{:erlex, ">= 0.2.6", [hex: :erlex, repo: "hexpm", optional: false]}], "hexpm", "516603d8067b2fd585319e4b13d3674ad4f314a5902ba8130cd97dc902ce6bbd"},
  "eqwalizer_support": {:git, "https://github.com/whatsapp/eqwalizer.git", "1a787cb604f6083ebe8763e358ea362e4677e500", [branch: "main", sparse: "eqwalizer_support"]},
  "erlex": {:hex, :erlex, "0.2.7", "810e8725f96ab74d17aac676e748627a07bc87eb950d2b83acd29dc047a30595", [:mix], [], "hexpm", "3ed95f79d1a844c3f6bf0cea61e0d5612a42ce56da9c03f01df538685365efb0"},
}
